
Microsoft Visual Studio Solution File, Format Version 12.00
# Visual Studio 15
VisualStudioVersion = 15.0.27703.2047
MinimumVisualStudioVersion = 10.0.40219.1
Project("{FAE04EC0-301F-11D3-BF4B-00C04F79EFBC}") = "Ejercicio31", "Ejercicio31\Ejercicio31.csproj", "{373DA24B-6EC2-41B5-8BD1-802F637DF021}"
EndProject
Project("{FAE04EC0-301F-11D3-BF4B-00C04F79EFBC}") = "Prueba", "Prueba\Prueba.csproj", "{F99D289A-5BFD-4B3E-9520-6E079B68C0F5}"
EndProject
Global
	GlobalSection(SolutionConfigurationPlatforms) = preSolution
		Debug|Any CPU = Debug|Any CPU
		Release|Any CPU = Release|Any CPU
	EndGlobalSection
	GlobalSection(ProjectConfigurationPlatforms) = postSolution
		{373DA24B-6EC2-41B5-8BD1-802F637DF021}.Debug|Any CPU.ActiveCfg = Debug|Any CPU
		{373DA24B-6EC2-41B5-8BD1-802F637DF021}.Debug|Any CPU.Build.0 = Debug|Any CPU
		{373DA24B-6EC2-41B5-8BD1-802F637DF021}.Release|Any CPU.ActiveCfg = Release|Any CPU
		{373DA24B-6EC2-41B5-8BD1-802F637DF021}.Release|Any CPU.Build.0 = Release|Any CPU
		{F99D289A-5BFD-4B3E-9520-6E079B68C0F5}.Debug|Any CPU.ActiveCfg = Debug|Any CPU
		{F99D289A-5BFD-4B3E-9520-6E079B68C0F5}.Debug|Any CPU.Build.0 = Debug|Any CPU
		{F99D289A-5BFD-4B3E-9520-6E079B68C0F5}.Release|Any CPU.ActiveCfg = Release|Any CPU
		{F99D289A-5BFD-4B3E-9520-6E079B68C0F5}.Release|Any CPU.Build.0 = Release|Any CPU
	EndGlobalSection
	GlobalSection(SolutionProperties) = preSolution
		HideSolutionNode = FALSE
	EndGlobalSection
	GlobalSection(ExtensibilityGlobals) = postSolution
		SolutionGuid = {2DFB95A9-B3D8-4970-8DB6-C52C34E5DF25}
	EndGlobalSection
EndGlobal
