
Microsoft Visual Studio Solution File, Format Version 12.00
# Visual Studio 15
VisualStudioVersion = 15.0.28307.705
MinimumVisualStudioVersion = 10.0.40219.1
Project("{FAE04EC0-301F-11D3-BF4B-00C04F79EFBC}") = "Navarro.Nicolas", "20180628-SP.v1\Navarro.Nicolas.csproj", "{28C748DA-E056-4201-87AC-D6C5FE82D35E}"
EndProject
Project("{FAE04EC0-301F-11D3-BF4B-00C04F79EFBC}") = "Entidades", "Entidades\Entidades.csproj", "{2721927A-E946-40D8-AB29-7053C0AC7CD5}"
EndProject
Project("{FAE04EC0-301F-11D3-BF4B-00C04F79EFBC}") = "Excepciones", "Excepciones\Excepciones.csproj", "{4CF75425-C05C-40B2-B3D2-3CAB666AF10A}"
EndProject
Project("{FAE04EC0-301F-11D3-BF4B-00C04F79EFBC}") = "TestUnitario", "TestUnitario\TestUnitario.csproj", "{BFEE5EC7-EF1E-4FEA-9E53-FD7451143E48}"
EndProject
Global
	GlobalSection(SolutionConfigurationPlatforms) = preSolution
		Debug|Any CPU = Debug|Any CPU
		Release|Any CPU = Release|Any CPU
	EndGlobalSection
	GlobalSection(ProjectConfigurationPlatforms) = postSolution
		{28C748DA-E056-4201-87AC-D6C5FE82D35E}.Debug|Any CPU.ActiveCfg = Debug|Any CPU
		{28C748DA-E056-4201-87AC-D6C5FE82D35E}.Debug|Any CPU.Build.0 = Debug|Any CPU
		{28C748DA-E056-4201-87AC-D6C5FE82D35E}.Release|Any CPU.ActiveCfg = Release|Any CPU
		{28C748DA-E056-4201-87AC-D6C5FE82D35E}.Release|Any CPU.Build.0 = Release|Any CPU
		{2721927A-E946-40D8-AB29-7053C0AC7CD5}.Debug|Any CPU.ActiveCfg = Debug|Any CPU
		{2721927A-E946-40D8-AB29-7053C0AC7CD5}.Debug|Any CPU.Build.0 = Debug|Any CPU
		{2721927A-E946-40D8-AB29-7053C0AC7CD5}.Release|Any CPU.ActiveCfg = Release|Any CPU
		{2721927A-E946-40D8-AB29-7053C0AC7CD5}.Release|Any CPU.Build.0 = Release|Any CPU
		{4CF75425-C05C-40B2-B3D2-3CAB666AF10A}.Debug|Any CPU.ActiveCfg = Debug|Any CPU
		{4CF75425-C05C-40B2-B3D2-3CAB666AF10A}.Debug|Any CPU.Build.0 = Debug|Any CPU
		{4CF75425-C05C-40B2-B3D2-3CAB666AF10A}.Release|Any CPU.ActiveCfg = Release|Any CPU
		{4CF75425-C05C-40B2-B3D2-3CAB666AF10A}.Release|Any CPU.Build.0 = Release|Any CPU
		{BFEE5EC7-EF1E-4FEA-9E53-FD7451143E48}.Debug|Any CPU.ActiveCfg = Debug|Any CPU
		{BFEE5EC7-EF1E-4FEA-9E53-FD7451143E48}.Debug|Any CPU.Build.0 = Debug|Any CPU
		{BFEE5EC7-EF1E-4FEA-9E53-FD7451143E48}.Release|Any CPU.ActiveCfg = Release|Any CPU
		{BFEE5EC7-EF1E-4FEA-9E53-FD7451143E48}.Release|Any CPU.Build.0 = Release|Any CPU
	EndGlobalSection
	GlobalSection(SolutionProperties) = preSolution
		HideSolutionNode = FALSE
	EndGlobalSection
	GlobalSection(ExtensibilityGlobals) = postSolution
		SolutionGuid = {EE23F0D5-C98F-42A9-B6EF-BE553EC1258E}
	EndGlobalSection
EndGlobal
