
Microsoft Visual Studio Solution File, Format Version 12.00
# Visual Studio 15
VisualStudioVersion = 15.0.27703.2047
MinimumVisualStudioVersion = 10.0.40219.1
Project("{FAE04EC0-301F-11D3-BF4B-00C04F79EFBC}") = "EjemploException", "EjemploException\EjemploException.csproj", "{6F8B153C-65EC-42A0-BF08-F041A1A19F5E}"
EndProject
Global
	GlobalSection(SolutionConfigurationPlatforms) = preSolution
		Debug|Any CPU = Debug|Any CPU
		Release|Any CPU = Release|Any CPU
	EndGlobalSection
	GlobalSection(ProjectConfigurationPlatforms) = postSolution
		{6F8B153C-65EC-42A0-BF08-F041A1A19F5E}.Debug|Any CPU.ActiveCfg = Debug|Any CPU
		{6F8B153C-65EC-42A0-BF08-F041A1A19F5E}.Debug|Any CPU.Build.0 = Debug|Any CPU
		{6F8B153C-65EC-42A0-BF08-F041A1A19F5E}.Release|Any CPU.ActiveCfg = Release|Any CPU
		{6F8B153C-65EC-42A0-BF08-F041A1A19F5E}.Release|Any CPU.Build.0 = Release|Any CPU
	EndGlobalSection
	GlobalSection(SolutionProperties) = preSolution
		HideSolutionNode = FALSE
	EndGlobalSection
	GlobalSection(ExtensibilityGlobals) = postSolution
		SolutionGuid = {39D45A15-702B-4974-BDD1-60065B3EA232}
	EndGlobalSection
EndGlobal
