
Microsoft Visual Studio Solution File, Format Version 12.00
# Visual Studio 15
VisualStudioVersion = 15.0.28307.489
MinimumVisualStudioVersion = 10.0.40219.1
Project("{FAE04EC0-301F-11D3-BF4B-00C04F79EFBC}") = "Temperatura", "Temperatura\Temperatura.csproj", "{B3A327D8-0D22-4361-A6B3-869263370630}"
EndProject
Global
	GlobalSection(SolutionConfigurationPlatforms) = preSolution
		Debug|Any CPU = Debug|Any CPU
		Release|Any CPU = Release|Any CPU
	EndGlobalSection
	GlobalSection(ProjectConfigurationPlatforms) = postSolution
		{B3A327D8-0D22-4361-A6B3-869263370630}.Debug|Any CPU.ActiveCfg = Debug|Any CPU
		{B3A327D8-0D22-4361-A6B3-869263370630}.Debug|Any CPU.Build.0 = Debug|Any CPU
		{B3A327D8-0D22-4361-A6B3-869263370630}.Release|Any CPU.ActiveCfg = Release|Any CPU
		{B3A327D8-0D22-4361-A6B3-869263370630}.Release|Any CPU.Build.0 = Release|Any CPU
	EndGlobalSection
	GlobalSection(SolutionProperties) = preSolution
		HideSolutionNode = FALSE
	EndGlobalSection
	GlobalSection(ExtensibilityGlobals) = postSolution
		SolutionGuid = {27EC322E-A52F-4862-8DDD-A813F3DB54B0}
	EndGlobalSection
EndGlobal
